
Microsoft Visual Studio Solution File, Format Version 12.00
# Visual Studio Version 16
VisualStudioVersion = 16.0.31729.503
MinimumVisualStudioVersion = 10.0.40219.1
Project("{FAE04EC0-301F-11D3-BF4B-00C04F79EFBC}") = "TESTE2RP_API", "TESTE2RP_API\TESTE2RP_API.csproj", "{3259E7CC-4B9D-4027-A3E8-1CED6469F4FB}"
EndProject
Global
	GlobalSection(SolutionConfigurationPlatforms) = preSolution
		Debug|Any CPU = Debug|Any CPU
		Release|Any CPU = Release|Any CPU
	EndGlobalSection
	GlobalSection(ProjectConfigurationPlatforms) = postSolution
		{3259E7CC-4B9D-4027-A3E8-1CED6469F4FB}.Debug|Any CPU.ActiveCfg = Debug|Any CPU
		{3259E7CC-4B9D-4027-A3E8-1CED6469F4FB}.Debug|Any CPU.Build.0 = Debug|Any CPU
		{3259E7CC-4B9D-4027-A3E8-1CED6469F4FB}.Release|Any CPU.ActiveCfg = Release|Any CPU
		{3259E7CC-4B9D-4027-A3E8-1CED6469F4FB}.Release|Any CPU.Build.0 = Release|Any CPU
	EndGlobalSection
	GlobalSection(SolutionProperties) = preSolution
		HideSolutionNode = FALSE
	EndGlobalSection
	GlobalSection(ExtensibilityGlobals) = postSolution
		SolutionGuid = {87F3A724-7D56-4D8C-A011-D05B7629499A}
	EndGlobalSection
EndGlobal
